
Microsoft Visual Studio Solution File, Format Version 12.00
# Visual Studio Version 16
VisualStudioVersion = 16.0.30114.105
MinimumVisualStudioVersion = 10.0.40219.1
Project("{FAE04EC0-301F-11D3-BF4B-00C04F79EFBC}") = "lanche", "lanche.csproj", "{2EBD51E9-1BE6-4EF1-8730-2299C48A7BAE}"
EndProject
Global
	GlobalSection(SolutionConfigurationPlatforms) = preSolution
		Debug|Any CPU = Debug|Any CPU
		Release|Any CPU = Release|Any CPU
	EndGlobalSection
	GlobalSection(ProjectConfigurationPlatforms) = postSolution
		{2EBD51E9-1BE6-4EF1-8730-2299C48A7BAE}.Debug|Any CPU.ActiveCfg = Debug|Any CPU
		{2EBD51E9-1BE6-4EF1-8730-2299C48A7BAE}.Debug|Any CPU.Build.0 = Debug|Any CPU
		{2EBD51E9-1BE6-4EF1-8730-2299C48A7BAE}.Release|Any CPU.ActiveCfg = Release|Any CPU
		{2EBD51E9-1BE6-4EF1-8730-2299C48A7BAE}.Release|Any CPU.Build.0 = Release|Any CPU
	EndGlobalSection
	GlobalSection(SolutionProperties) = preSolution
		HideSolutionNode = FALSE
	EndGlobalSection
	GlobalSection(ExtensibilityGlobals) = postSolution
		SolutionGuid = {03D25D4D-6809-4F5C-8C04-ADEA79FB1D19}
	EndGlobalSection
EndGlobal
